// !$*UTF8*$!
{
	archiveVersion = 1;
	classes = {
	};
	objectVersion = 50;
	objects = {

/* Begin PBXBuildFile section */
		661CC48D2133B7C2003C823F /* AppDelegate.swift in Sources */ = {isa = PBXBuildFile; fileRef = 661CC48C2133B7C2003C823F /* AppDelegate.swift */; };
		661CC4912133B7C4003C823F /* Assets.xcassets in Resources */ = {isa = PBXBuildFile; fileRef = 661CC4902133B7C4003C823F /* Assets.xcassets */; };
		661CC4942133B7C5003C823F /* Main.storyboard in Resources */ = {isa = PBXBuildFile; fileRef = 661CC4922133B7C5003C823F /* Main.storyboard */; };
		661CC49D2133B9B2003C823F /* SourceViewController.swift in Sources */ = {isa = PBXBuildFile; fileRef = 661CC49C2133B9B2003C823F /* SourceViewController.swift */; };
		661CC49F2133B9E8003C823F /* DetailViewController.swift in Sources */ = {isa = PBXBuildFile; fileRef = 661CC49E2133B9E8003C823F /* DetailViewController.swift */; };
		661CC4AD2133D0D4003C823F /* nssl0033.jpg in Resources */ = {isa = PBXBuildFile; fileRef = 661CC4A92133CF6B003C823F /* nssl0033.jpg */; };
		661CC4AE2133D0D4003C823F /* nssl0034.jpg in Resources */ = {isa = PBXBuildFile; fileRef = 661CC4A72133CF6B003C823F /* nssl0034.jpg */; };
		661CC4AF2133D0D4003C823F /* nssl0041.jpg in Resources */ = {isa = PBXBuildFile; fileRef = 661CC4A42133CF6B003C823F /* nssl0041.jpg */; };
		661CC4B02133D0D4003C823F /* nssl0042.jpg in Resources */ = {isa = PBXBuildFile; fileRef = 661CC4AB2133CF6B003C823F /* nssl0042.jpg */; };
		661CC4B12133D0D4003C823F /* nssl0043.jpg in Resources */ = {isa = PBXBuildFile; fileRef = 661CC4A62133CF6B003C823F /* nssl0043.jpg */; };
		661CC4B22133D0D4003C823F /* nssl0045.jpg in Resources */ = {isa = PBXBuildFile; fileRef = 661CC4A32133CF6B003C823F /* nssl0045.jpg */; };
		661CC4B32133D0D4003C823F /* nssl0046.jpg in Resources */ = {isa = PBXBuildFile; fileRef = 661CC4AA2133CF6B003C823F /* nssl0046.jpg */; };
		661CC4B42133D0D4003C823F /* nssl0049.jpg in Resources */ = {isa = PBXBuildFile; fileRef = 661CC4A82133CF6B003C823F /* nssl0049.jpg */; };
		661CC4B52133D0D4003C823F /* nssl0051.jpg in Resources */ = {isa = PBXBuildFile; fileRef = 661CC4AC2133CF6C003C823F /* nssl0051.jpg */; };
		661CC4B62133D0D4003C823F /* nssl0091.jpg in Resources */ = {isa = PBXBuildFile; fileRef = 661CC4A52133CF6B003C823F /* nssl0091.jpg */; };
/* End PBXBuildFile section */

/* Begin PBXFileReference section */
		661CC4892133B7C2003C823F /* Storm Viewer.app */ = {isa = PBXFileReference; explicitFileType = wrapper.application; includeInIndex = 0; path = "Storm Viewer.app"; sourceTree = BUILT_PRODUCTS_DIR; };
		661CC48C2133B7C2003C823F /* AppDelegate.swift */ = {isa = PBXFileReference; lastKnownFileType = sourcecode.swift; path = AppDelegate.swift; sourceTree = "<group>"; };
		661CC4902133B7C4003C823F /* Assets.xcassets */ = {isa = PBXFileReference; lastKnownFileType = folder.assetcatalog; path = Assets.xcassets; sourceTree = "<group>"; };
		661CC4932133B7C5003C823F /* Base */ = {isa = PBXFileReference; lastKnownFileType = file.storyboard; name = Base; path = Base.lproj/Main.storyboard; sourceTree = "<group>"; };
		661CC4952133B7C5003C823F /* Info.plist */ = {isa = PBXFileReference; lastKnownFileType = text.plist.xml; path = Info.plist; sourceTree = "<group>"; };
		661CC4962133B7C5003C823F /* Storm_Viewer.entitlements */ = {isa = PBXFileReference; lastKnownFileType = text.plist.entitlements; path = Storm_Viewer.entitlements; sourceTree = "<group>"; };
		661CC49C2133B9B2003C823F /* SourceViewController.swift */ = {isa = PBXFileReference; lastKnownFileType = sourcecode.swift; path = SourceViewController.swift; sourceTree = "<group>"; };
		661CC49E2133B9E8003C823F /* DetailViewController.swift */ = {isa = PBXFileReference; lastKnownFileType = sourcecode.swift; path = DetailViewController.swift; sourceTree = "<group>"; };
		661CC4A32133CF6B003C823F /* nssl0045.jpg */ = {isa = PBXFileReference; lastKnownFileType = image.jpeg; path = nssl0045.jpg; sourceTree = "<group>"; };
		661CC4A42133CF6B003C823F /* nssl0041.jpg */ = {isa = PBXFileReference; lastKnownFileType = image.jpeg; path = nssl0041.jpg; sourceTree = "<group>"; };
		661CC4A52133CF6B003C823F /* nssl0091.jpg */ = {isa = PBXFileReference; lastKnownFileType = image.jpeg; path = nssl0091.jpg; sourceTree = "<group>"; };
		661CC4A62133CF6B003C823F /* nssl0043.jpg */ = {isa = PBXFileReference; lastKnownFileType = image.jpeg; path = nssl0043.jpg; sourceTree = "<group>"; };
		661CC4A72133CF6B003C823F /* nssl0034.jpg */ = {isa = PBXFileReference; lastKnownFileType = image.jpeg; path = nssl0034.jpg; sourceTree = "<group>"; };
		661CC4A82133CF6B003C823F /* nssl0049.jpg */ = {isa = PBXFileReference; lastKnownFileType = image.jpeg; path = nssl0049.jpg; sourceTree = "<group>"; };
		661CC4A92133CF6B003C823F /* nssl0033.jpg */ = {isa = PBXFileReference; lastKnownFileType = image.jpeg; path = nssl0033.jpg; sourceTree = "<group>"; };
		661CC4AA2133CF6B003C823F /* nssl0046.jpg */ = {isa = PBXFileReference; lastKnownFileType = image.jpeg; path = nssl0046.jpg; sourceTree = "<group>"; };
		661CC4AB2133CF6B003C823F /* nssl0042.jpg */ = {isa = PBXFileReference; lastKnownFileType = image.jpeg; path = nssl0042.jpg; sourceTree = "<group>"; };
		661CC4AC2133CF6C003C823F /* nssl0051.jpg */ = {isa = PBXFileReference; lastKnownFileType = image.jpeg; path = nssl0051.jpg; sourceTree = "<group>"; };
/* End PBXFileReference section */

/* Begin PBXFrameworksBuildPhase section */
		661CC4862133B7C2003C823F /* Frameworks */ = {
			isa = PBXFrameworksBuildPhase;
			buildActionMask = 2147483647;
			files = (
			);
			runOnlyForDeploymentPostprocessing = 0;
		};
/* End PBXFrameworksBuildPhase section */

/* Begin PBXGroup section */
		661CC4802133B7C2003C823F = {
			isa = PBXGroup;
			children = (
				661CC48B2133B7C2003C823F /* Storm Viewer */,
				661CC48A2133B7C2003C823F /* Products */,
			);
			sourceTree = "<group>";
		};
		661CC48A2133B7C2003C823F /* Products */ = {
			isa = PBXGroup;
			children = (
				661CC4892133B7C2003C823F /* Storm Viewer.app */,
			);
			name = Products;
			sourceTree = "<group>";
		};
		661CC48B2133B7C2003C823F /* Storm Viewer */ = {
			isa = PBXGroup;
			children = (
				661CC4A02133BA15003C823F /* Controllers */,
				661CC48C2133B7C2003C823F /* AppDelegate.swift */,
				661CC4902133B7C4003C823F /* Assets.xcassets */,
				661CC4922133B7C5003C823F /* Main.storyboard */,
				661CC4952133B7C5003C823F /* Info.plist */,
				661CC4A92133CF6B003C823F /* nssl0033.jpg */,
				661CC4A72133CF6B003C823F /* nssl0034.jpg */,
				661CC4A42133CF6B003C823F /* nssl0041.jpg */,
				661CC4AB2133CF6B003C823F /* nssl0042.jpg */,
				661CC4A62133CF6B003C823F /* nssl0043.jpg */,
				661CC4A32133CF6B003C823F /* nssl0045.jpg */,
				661CC4AA2133CF6B003C823F /* nssl0046.jpg */,
				661CC4A82133CF6B003C823F /* nssl0049.jpg */,
				661CC4AC2133CF6C003C823F /* nssl0051.jpg */,
				661CC4A52133CF6B003C823F /* nssl0091.jpg */,
				661CC4962133B7C5003C823F /* Storm_Viewer.entitlements */,
			);
			path = "Storm Viewer";
			sourceTree = "<group>";
		};
		661CC4A02133BA15003C823F /* Controllers */ = {
			isa = PBXGroup;
			children = (
				661CC49C2133B9B2003C823F /* SourceViewController.swift */,
				661CC49E2133B9E8003C823F /* DetailViewController.swift */,
			);
			path = Controllers;
			sourceTree = "<group>";
		};
/* End PBXGroup section */

/* Begin PBXNativeTarget section */
		661CC4882133B7C2003C823F /* Storm Viewer */ = {
			isa = PBXNativeTarget;
			buildConfigurationList = 661CC4992133B7C5003C823F /* Build configuration list for PBXNativeTarget "Storm Viewer" */;
			buildPhases = (
				661CC4852133B7C2003C823F /* Sources */,
				661CC4862133B7C2003C823F /* Frameworks */,
				661CC4872133B7C2003C823F /* Resources */,
			);
			buildRules = (
			);
			dependencies = (
			);
			name = "Storm Viewer";
			productName = "Storm Viewer";
			productReference = 661CC4892133B7C2003C823F /* Storm Viewer.app */;
			productType = "com.apple.product-type.application";
		};
/* End PBXNativeTarget section */

/* Begin PBXProject section */
		661CC4812133B7C2003C823F /* Project object */ = {
			isa = PBXProject;
			attributes = {
				LastSwiftUpdateCheck = 0940;
				LastUpgradeCheck = 0940;
				TargetAttributes = {
					661CC4882133B7C2003C823F = {
						CreatedOnToolsVersion = 9.4.1;
					};
				};
			};
			buildConfigurationList = 661CC4842133B7C2003C823F /* Build configuration list for PBXProject "Storm Viewer" */;
			compatibilityVersion = "Xcode 9.3";
			developmentRegion = en;
			hasScannedForEncodings = 0;
			knownRegions = (
				en,
				Base,
			);
			mainGroup = 661CC4802133B7C2003C823F;
			productRefGroup = 661CC48A2133B7C2003C823F /* Products */;
			projectDirPath = "";
			projectRoot = "";
			targets = (
				661CC4882133B7C2003C823F /* Storm Viewer */,
			);
		};
/* End PBXProject section */

/* Begin PBXResourcesBuildPhase section */
		661CC4872133B7C2003C823F /* Resources */ = {
			isa = PBXResourcesBuildPhase;
			buildActionMask = 2147483647;
			files = (
				661CC4B42133D0D4003C823F /* nssl0049.jpg in Resources */,
				661CC4B62133D0D4003C823F /* nssl0091.jpg in Resources */,
				661CC4AF2133D0D4003C823F /* nssl0041.jpg in Resources */,
				661CC4B02133D0D4003C823F /* nssl0042.jpg in Resources */,
				661CC4912133B7C4003C823F /* Assets.xcassets in Resources */,
				661CC4B52133D0D4003C823F /* nssl0051.jpg in Resources */,
				661CC4AD2133D0D4003C823F /* nssl0033.jpg in Resources */,
				661CC4B32133D0D4003C823F /* nssl0046.jpg in Resources */,
				661CC4B22133D0D4003C823F /* nssl0045.jpg in Resources */,
				661CC4AE2133D0D4003C823F /* nssl0034.jpg in Resources */,
				661CC4942133B7C5003C823F /* Main.storyboard in Resources */,
				661CC4B12133D0D4003C823F /* nssl0043.jpg in Resources */,
			);
			runOnlyForDeploymentPostprocessing = 0;
		};
/* End PBXResourcesBuildPhase section */

/* Begin PBXSourcesBuildPhase section */
		661CC4852133B7C2003C823F /* Sources */ = {
			isa = PBXSourcesBuildPhase;
			buildActionMask = 2147483647;
			files = (
				661CC48D2133B7C2003C823F /* AppDelegate.swift in Sources */,
				661CC49D2133B9B2003C823F /* SourceViewController.swift in Sources */,
				661CC49F2133B9E8003C823F /* DetailViewController.swift in Sources */,
			);
			runOnlyForDeploymentPostprocessing = 0;
		};
/* End PBXSourcesBuildPhase section */

/* Begin PBXVariantGroup section */
		661CC4922133B7C5003C823F /* Main.storyboard */ = {
			isa = PBXVariantGroup;
			children = (
				661CC4932133B7C5003C823F /* Base */,
			);
			name = Main.storyboard;
			sourceTree = "<group>";
		};
/* End PBXVariantGroup section */

/* Begin XCBuildConfiguration section */
		661CC4972133B7C5003C823F /* Debug */ = {
			isa = XCBuildConfiguration;
			buildSettings = {
				ALWAYS_SEARCH_USER_PATHS = NO;
				CLANG_ANALYZER_NONNULL = YES;
				CLANG_ANALYZER_NUMBER_OBJECT_CONVERSION = YES_AGGRESSIVE;
				CLANG_CXX_LANGUAGE_STANDARD = "gnu++14";
				CLANG_CXX_LIBRARY = "libc++";
				CLANG_ENABLE_MODULES = YES;
				CLANG_ENABLE_OBJC_ARC = YES;
				CLANG_ENABLE_OBJC_WEAK = YES;
				CLANG_WARN_BLOCK_CAPTURE_AUTORELEASING = YES;
				CLANG_WARN_BOOL_CONVERSION = YES;
				CLANG_WARN_COMMA = YES;
				CLANG_WARN_CONSTANT_CONVERSION = YES;
				CLANG_WARN_DEPRECATED_OBJC_IMPLEMENTATIONS = YES;
				CLANG_WARN_DIRECT_OBJC_ISA_USAGE = YES_ERROR;
				CLANG_WARN_DOCUMENTATION_COMMENTS = YES;
				CLANG_WARN_EMPTY_BODY = YES;
				CLANG_WARN_ENUM_CONVERSION = YES;
				CLANG_WARN_INFINITE_RECURSION = YES;
				CLANG_WARN_INT_CONVERSION = YES;
				CLANG_WARN_NON_LITERAL_NULL_CONVERSION = YES;
				CLANG_WARN_OBJC_IMPLICIT_RETAIN_SELF = YES;
				CLANG_WARN_OBJC_LITERAL_CONVERSION = YES;
				CLANG_WARN_OBJC_ROOT_CLASS = YES_ERROR;
				CLANG_WARN_RANGE_LOOP_ANALYSIS = YES;
				CLANG_WARN_STRICT_PROTOTYPES = YES;
				CLANG_WARN_SUSPICIOUS_MOVE = YES;
				CLANG_WARN_UNGUARDED_AVAILABILITY = YES_AGGRESSIVE;
				CLANG_WARN_UNREACHABLE_CODE = YES;
				CLANG_WARN__DUPLICATE_METHOD_MATCH = YES;
				CODE_SIGN_IDENTITY = "Mac Developer";
				COPY_PHASE_STRIP = NO;
				DEBUG_INFORMATION_FORMAT = dwarf;
				ENABLE_STRICT_OBJC_MSGSEND = YES;
				ENABLE_TESTABILITY = YES;
				GCC_C_LANGUAGE_STANDARD = gnu11;
				GCC_DYNAMIC_NO_PIC = NO;
				GCC_NO_COMMON_BLOCKS = YES;
				GCC_OPTIMIZATION_LEVEL = 0;
				GCC_PREPROCESSOR_DEFINITIONS = (
					"DEBUG=1",
					"$(inherited)",
				);
				GCC_WARN_64_TO_32_BIT_CONVERSION = YES;
				GCC_WARN_ABOUT_RETURN_TYPE = YES_ERROR;
				GCC_WARN_UNDECLARED_SELECTOR = YES;
				GCC_WARN_UNINITIALIZED_AUTOS = YES_AGGRESSIVE;
				GCC_WARN_UNUSED_FUNCTION = YES;
				GCC_WARN_UNUSED_VARIABLE = YES;
				MACOSX_DEPLOYMENT_TARGET = 10.13;
				MTL_ENABLE_DEBUG_INFO = YES;
				ONLY_ACTIVE_ARCH = YES;
				SDKROOT = macosx;
				SWIFT_ACTIVE_COMPILATION_CONDITIONS = DEBUG;
				SWIFT_OPTIMIZATION_LEVEL = "-Onone";
			};
			name = Debug;
		};
		661CC4982133B7C5003C823F /* Release */ = {
			isa = XCBuildConfiguration;
			buildSettings = {
				ALWAYS_SEARCH_USER_PATHS = NO;
				CLANG_ANALYZER_NONNULL = YES;
				CLANG_ANALYZER_NUMBER_OBJECT_CONVERSION = YES_AGGRESSIVE;
				CLANG_CXX_LANGUAGE_STANDARD = "gnu++14";
				CLANG_CXX_LIBRARY = "libc++";
				CLANG_ENABLE_MODULES = YES;
				CLANG_ENABLE_OBJC_ARC = YES;
				CLANG_ENABLE_OBJC_WEAK = YES;
				CLANG_WARN_BLOCK_CAPTURE_AUTORELEASING = YES;
				CLANG_WARN_BOOL_CONVERSION = YES;
				CLANG_WARN_COMMA = YES;
				CLANG_WARN_CONSTANT_CONVERSION = YES;
				CLANG_WARN_DEPRECATED_OBJC_IMPLEMENTATIONS = YES;
				CLANG_WARN_DIRECT_OBJC_ISA_USAGE = YES_ERROR;
				CLANG_WARN_DOCUMENTATION_COMMENTS = YES;
				CLANG_WARN_EMPTY_BODY = YES;
				CLANG_WARN_ENUM_CONVERSION = YES;
				CLANG_WARN_INFINITE_RECURSION = YES;
				CLANG_WARN_INT_CONVERSION = YES;
				CLANG_WARN_NON_LITERAL_NULL_CONVERSION = YES;
				CLANG_WARN_OBJC_IMPLICIT_RETAIN_SELF = YES;
				CLANG_WARN_OBJC_LITERAL_CONVERSION = YES;
				CLANG_WARN_OBJC_ROOT_CLASS = YES_ERROR;
				CLANG_WARN_RANGE_LOOP_ANALYSIS = YES;
				CLANG_WARN_STRICT_PROTOTYPES = YES;
				CLANG_WARN_SUSPICIOUS_MOVE = YES;
				CLANG_WARN_UNGUARDED_AVAILABILITY = YES_AGGRESSIVE;
				CLANG_WARN_UNREACHABLE_CODE = YES;
				CLANG_WARN__DUPLICATE_METHOD_MATCH = YES;
				CODE_SIGN_IDENTITY = "Mac Developer";
				COPY_PHASE_STRIP = NO;
				DEBUG_INFORMATION_FORMAT = "dwarf-with-dsym";
				ENABLE_NS_ASSERTIONS = NO;
				ENABLE_STRICT_OBJC_MSGSEND = YES;
				GCC_C_LANGUAGE_STANDARD = gnu11;
				GCC_NO_COMMON_BLOCKS = YES;
				GCC_WARN_64_TO_32_BIT_CONVERSION = YES;
				GCC_WARN_ABOUT_RETURN_TYPE = YES_ERROR;
				GCC_WARN_UNDECLARED_SELECTOR = YES;
				GCC_WARN_UNINITIALIZED_AUTOS = YES_AGGRESSIVE;
				GCC_WARN_UNUSED_FUNCTION = YES;
				GCC_WARN_UNUSED_VARIABLE = YES;
				MACOSX_DEPLOYMENT_TARGET = 10.13;
				MTL_ENABLE_DEBUG_INFO = NO;
				SDKROOT = macosx;
				SWIFT_COMPILATION_MODE = wholemodule;
				SWIFT_OPTIMIZATION_LEVEL = "-O";
			};
			name = Release;
		};
		661CC49A2133B7C5003C823F /* Debug */ = {
			isa = XCBuildConfiguration;
			buildSettings = {
				ASSETCATALOG_COMPILER_APPICON_NAME = AppIcon;
				CODE_SIGN_ENTITLEMENTS = "Storm Viewer/Storm_Viewer.entitlements";
				CODE_SIGN_STYLE = Automatic;
				COMBINE_HIDPI_IMAGES = YES;
				DEVELOPMENT_TEAM = CXXUHGSZEB;
				INFOPLIST_FILE = "Storm Viewer/Info.plist";
				LD_RUNPATH_SEARCH_PATHS = (
					"$(inherited)",
					"@executable_path/../Frameworks",
				);
				PRODUCT_BUNDLE_IDENTIFIER = "me.ollis.Storm-Viewer";
				PRODUCT_NAME = "$(TARGET_NAME)";
				SWIFT_VERSION = 4.0;
			};
			name = Debug;
		};
		661CC49B2133B7C5003C823F /* Release */ = {
			isa = XCBuildConfiguration;
			buildSettings = {
				ASSETCATALOG_COMPILER_APPICON_NAME = AppIcon;
				CODE_SIGN_ENTITLEMENTS = "Storm Viewer/Storm_Viewer.entitlements";
				CODE_SIGN_STYLE = Automatic;
				COMBINE_HIDPI_IMAGES = YES;
				DEVELOPMENT_TEAM = CXXUHGSZEB;
				INFOPLIST_FILE = "Storm Viewer/Info.plist";
				LD_RUNPATH_SEARCH_PATHS = (
					"$(inherited)",
					"@executable_path/../Frameworks",
				);
				PRODUCT_BUNDLE_IDENTIFIER = "me.ollis.Storm-Viewer";
				PRODUCT_NAME = "$(TARGET_NAME)";
				SWIFT_VERSION = 4.0;
			};
			name = Release;
		};
/* End XCBuildConfiguration section */

/* Begin XCConfigurationList section */
		661CC4842133B7C2003C823F /* Build configuration list for PBXProject "Storm Viewer" */ = {
			isa = XCConfigurationList;
			buildConfigurations = (
				661CC4972133B7C5003C823F /* Debug */,
				661CC4982133B7C5003C823F /* Release */,
			);
			defaultConfigurationIsVisible = 0;
			defaultConfigurationName = Release;
		};
		661CC4992133B7C5003C823F /* Build configuration list for PBXNativeTarget "Storm Viewer" */ = {
			isa = XCConfigurationList;
			buildConfigurations = (
				661CC49A2133B7C5003C823F /* Debug */,
				661CC49B2133B7C5003C823F /* Release */,
			);
			defaultConfigurationIsVisible = 0;
			defaultConfigurationName = Release;
		};
/* End XCConfigurationList section */
	};
	rootObject = 661CC4812133B7C2003C823F /* Project object */;
}
